
Microsoft Visual Studio Solution File, Format Version 12.00
# Visual Studio Version 17
VisualStudioVersion = 17.13.35919.96
MinimumVisualStudioVersion = 10.0.40219.1
Project("{FAE04EC0-301F-11D3-BF4B-00C04F79EFBC}") = "Laboratory11Nunez", "Laboratory11Nunez\Laboratory11Nunez.csproj", "{84060F39-0967-4073-AE35-D58E1729947A}"
EndProject
Project("{FAE04EC0-301F-11D3-BF4B-00C04F79EFBC}") = "Lab12", "Lab12\Lab12.csproj", "{B933B68B-38DE-4FF7-A40A-56457A4EE9A3}"
EndProject
Global
	GlobalSection(SolutionConfigurationPlatforms) = preSolution
		Debug|Any CPU = Debug|Any CPU
		Release|Any CPU = Release|Any CPU
	EndGlobalSection
	GlobalSection(ProjectConfigurationPlatforms) = postSolution
		{84060F39-0967-4073-AE35-D58E1729947A}.Debug|Any CPU.ActiveCfg = Debug|Any CPU
		{84060F39-0967-4073-AE35-D58E1729947A}.Debug|Any CPU.Build.0 = Debug|Any CPU
		{84060F39-0967-4073-AE35-D58E1729947A}.Release|Any CPU.ActiveCfg = Release|Any CPU
		{84060F39-0967-4073-AE35-D58E1729947A}.Release|Any CPU.Build.0 = Release|Any CPU
		{B933B68B-38DE-4FF7-A40A-56457A4EE9A3}.Debug|Any CPU.ActiveCfg = Debug|Any CPU
		{B933B68B-38DE-4FF7-A40A-56457A4EE9A3}.Debug|Any CPU.Build.0 = Debug|Any CPU
		{B933B68B-38DE-4FF7-A40A-56457A4EE9A3}.Release|Any CPU.ActiveCfg = Release|Any CPU
		{B933B68B-38DE-4FF7-A40A-56457A4EE9A3}.Release|Any CPU.Build.0 = Release|Any CPU
	EndGlobalSection
	GlobalSection(SolutionProperties) = preSolution
		HideSolutionNode = FALSE
	EndGlobalSection
	GlobalSection(ExtensibilityGlobals) = postSolution
		SolutionGuid = {28489AB2-330D-4455-8110-A00B5801AD03}
	EndGlobalSection
EndGlobal
